# This file is autogenerated, do not edit; changes may be undone by the next 'dep ensure'.


[[projects]]
  branch = "master"
  name = "github.com/golang-bristol/beer-model"
  packages = ["."]
  revision = "ecec0de6b9cc77b955a8caafaf1fe879495bcd53"

[[projects]]
  name = "github.com/julienschmidt/httprouter"
  packages = ["."]
  revision = "8c199fb6259ffc1af525cc3ad52ee60ba8359669"
  version = "v1.1"

[solve-meta]
  analyzer-name = "dep"
  analyzer-version = 1
  inputs-digest = "bd01ee6ce650d11b70571c990057ca57a1275ec0f41639f01f70bf7ee0adc21b"
  solver-name = "gps-cdcl"
  solver-version = 1
